// !$*UTF8*$!
{
	archiveVersion = 1;
	classes = {
	};
	objectVersion = 54;
	objects = {

/* Begin PBXBuildFile section */
		069D988B4CBC0ABFA5568742 /* SplitsView.swift in Sources */ = {isa = PBXBuildFile; fileRef = E73A2A44C17111E088FA24FB /* SplitsView.swift */; };
		0DECA21ED5DCB90ECD4D96FD /* CacheService.swift in Sources */ = {isa = PBXBuildFile; fileRef = E64888DC67B0C0E7A2614EBA /* CacheService.swift */; };
		11F690D89A2535BEF667A92D /* WorkoutDetailView.swift in Sources */ = {isa = PBXBuildFile; fileRef = 05732AD7297703D255AD7393 /* WorkoutDetailView.swift */; };
		16347D0723DB8C631ECAE1CD /* CreateProgramView.swift in Sources */ = {isa = PBXBuildFile; fileRef = 8FADFB9BF013D82CA2D450A4 /* CreateProgramView.swift */; };
		24C6E9E42C00A7C2F2DE5088 /* Environment.swift in Sources */ = {isa = PBXBuildFile; fileRef = 50AC765AFDEB6A0465087195 /* Environment.swift */; };
		2581403A595F0751276F217D /* TrainingProgram.swift in Sources */ = {isa = PBXBuildFile; fileRef = 057AF620663C7088667452C8 /* TrainingProgram.swift */; };
		408C75762B2E5F0FF51E64BB /* HealthData.swift in Sources */ = {isa = PBXBuildFile; fileRef = 10D6E6C89CFC0C6B6B202377 /* HealthData.swift */; };
		49152CD2AB8042E04EAEBEAE /* Assets.xcassets in Resources */ = {isa = PBXBuildFile; fileRef = E7BB07413BA65FAEEEB59184 /* Assets.xcassets */; };
		60E123EAC0989A5895E0BEB1 /* ThemeManager.swift in Sources */ = {isa = PBXBuildFile; fileRef = 2A266E8062C42CBD8DFF3053 /* ThemeManager.swift */; };
		611A0F10286E8CB6F95D00F9 /* HealthKitService.swift in Sources */ = {isa = PBXBuildFile; fileRef = 381ABF32A7A1B38508513856 /* HealthKitService.swift */; };
		6939307B1E8D37029DBFCE58 /* WorkoutMapView.swift in Sources */ = {isa = PBXBuildFile; fileRef = 2A57F9D136A22200BBF3C61F /* WorkoutMapView.swift */; };
		705A71446B5E4394A235484F /* HybridTrainer.xcdatamodeld in Sources */ = {isa = PBXBuildFile; fileRef = 2A406CCEB7FA73ECA36DBE98 /* HybridTrainer.xcdatamodeld */; };
		7445EFE19E320E31BC6D3836 /* StatItem.swift in Sources */ = {isa = PBXBuildFile; fileRef = 833C7CE9D413BE69DAB76AA4 /* StatItem.swift */; };
		8184B462DDD928258BE0CA53 /* HybridTrainerApp.swift in Sources */ = {isa = PBXBuildFile; fileRef = 7BDA5EB0AAB4A5E82690D953 /* HybridTrainerApp.swift */; };
		8C046A7CD94F7D2196F17A98 /* HealthKit+Extensions.swift in Sources */ = {isa = PBXBuildFile; fileRef = 14FA98336DF47CE8ECB22EC3 /* HealthKit+Extensions.swift */; };
		8F109096ACF65B97847008AE /* CachedWorkout.xcdatamodeld in Sources */ = {isa = PBXBuildFile; fileRef = D508632CF4E535BC220745E7 /* CachedWorkout.xcdatamodeld */; };
		97B9E90A3C24294366529E76 /* WorkoutDetails.swift in Sources */ = {isa = PBXBuildFile; fileRef = 1C3720067850F35023BE6E97 /* WorkoutDetails.swift */; };
		AB2E30ADE0CE1C890BCC7AFB /* WorkoutData.swift in Sources */ = {isa = PBXBuildFile; fileRef = AC72951E5EC27C460F814F32 /* WorkoutData.swift */; };
		AD028B4833BDC66842ADDB39 /* WorkoutSummaryCard.swift in Sources */ = {isa = PBXBuildFile; fileRef = E394EC20FDA164EDFCC0B209 /* WorkoutSummaryCard.swift */; };
		B9A8601A6595EE08E055E72F /* AuthService.swift in Sources */ = {isa = PBXBuildFile; fileRef = 3D675CC6B874A24DE6CA7851 /* AuthService.swift */; };
		BA611140DCB4359FC5F6C706 /* AnalyticsView.swift in Sources */ = {isa = PBXBuildFile; fileRef = 767EE0FB190B9641BDAB40D1 /* AnalyticsView.swift */; };
		CE094E7B8B182D33A67124C9 /* DashboardView.swift in Sources */ = {isa = PBXBuildFile; fileRef = 34BA9EDE0EFA04D7C0504027 /* DashboardView.swift */; };
		DF2D514004434467E88D74FD /* TrainingProgramsView.swift in Sources */ = {isa = PBXBuildFile; fileRef = B56FA4DA227DC4C14F490B66 /* TrainingProgramsView.swift */; };
		E386DFA204B8DFF9902E15E1 /* CustomTabBar.swift in Sources */ = {isa = PBXBuildFile; fileRef = 619D9F0CB9883ABDCF35596C /* CustomTabBar.swift */; };
		E5131CB8782BC7C0D0539633 /* SyncService.swift in Sources */ = {isa = PBXBuildFile; fileRef = 96965807A7FB644C18BC94C7 /* SyncService.swift */; };
		E6E4FBFC802D8E5E29C9E92B /* MainTabView.swift in Sources */ = {isa = PBXBuildFile; fileRef = 77707524971C05E437EF42A7 /* MainTabView.swift */; };
		E76ADE169FADD352C42C60D9 /* UserProfile.swift in Sources */ = {isa = PBXBuildFile; fileRef = 779B82EE3714DFBFE8C6863A /* UserProfile.swift */; };
		E9F4AC393C2FC04CF5EE6E4A /* ProgramDetailsView.swift in Sources */ = {isa = PBXBuildFile; fileRef = 804F3DE646005B9EAF94D510 /* ProgramDetailsView.swift */; };
		EF3889778308278017875921 /* APIService.swift in Sources */ = {isa = PBXBuildFile; fileRef = 1BC113AEBC09D74E1D5B3222 /* APIService.swift */; };
		F9124215643FAA33A52CEC4E /* WorkoutModels.swift in Sources */ = {isa = PBXBuildFile; fileRef = A1907027BB942CC2BBE04241 /* WorkoutModels.swift */; };
		FE49209309E3A554E201CEE3 /* ProfileView.swift in Sources */ = {isa = PBXBuildFile; fileRef = 39274DF692959AB51EC2C16B /* ProfileView.swift */; };
/* End PBXBuildFile section */

/* Begin PBXContainerItemProxy section */
		8CF1A44B45965C066F4E76C3 /* PBXContainerItemProxy */ = {
			isa = PBXContainerItemProxy;
			containerPortal = 74C015D5E5F9A21C52153BCA /* Project object */;
			proxyType = 1;
			remoteGlobalIDString = 6FE0E45F0AF36E1D29F9041A;
			remoteInfo = HybridTrainer;
		};
/* End PBXContainerItemProxy section */

/* Begin PBXFileReference section */
		05732AD7297703D255AD7393 /* WorkoutDetailView.swift */ = {isa = PBXFileReference; lastKnownFileType = sourcecode.swift; path = WorkoutDetailView.swift; sourceTree = "<group>"; };
		057AF620663C7088667452C8 /* TrainingProgram.swift */ = {isa = PBXFileReference; lastKnownFileType = sourcecode.swift; path = TrainingProgram.swift; sourceTree = "<group>"; };
		10D6E6C89CFC0C6B6B202377 /* HealthData.swift */ = {isa = PBXFileReference; lastKnownFileType = sourcecode.swift; path = HealthData.swift; sourceTree = "<group>"; };
		14FA98336DF47CE8ECB22EC3 /* HealthKit+Extensions.swift */ = {isa = PBXFileReference; lastKnownFileType = sourcecode.swift; path = "HealthKit+Extensions.swift"; sourceTree = "<group>"; };
		1BC113AEBC09D74E1D5B3222 /* APIService.swift */ = {isa = PBXFileReference; lastKnownFileType = sourcecode.swift; path = APIService.swift; sourceTree = "<group>"; };
		1C3720067850F35023BE6E97 /* WorkoutDetails.swift */ = {isa = PBXFileReference; lastKnownFileType = sourcecode.swift; path = WorkoutDetails.swift; sourceTree = "<group>"; };
		2A266E8062C42CBD8DFF3053 /* ThemeManager.swift */ = {isa = PBXFileReference; lastKnownFileType = sourcecode.swift; path = ThemeManager.swift; sourceTree = "<group>"; };
		2A57F9D136A22200BBF3C61F /* WorkoutMapView.swift */ = {isa = PBXFileReference; lastKnownFileType = sourcecode.swift; path = WorkoutMapView.swift; sourceTree = "<group>"; };
		34BA9EDE0EFA04D7C0504027 /* DashboardView.swift */ = {isa = PBXFileReference; lastKnownFileType = sourcecode.swift; path = DashboardView.swift; sourceTree = "<group>"; };
		35007F171EAF9E8CCF25612A /* HybridTrainer-Bridging-Header.h */ = {isa = PBXFileReference; lastKnownFileType = sourcecode.c.h; path = "HybridTrainer-Bridging-Header.h"; sourceTree = "<group>"; };
		381ABF32A7A1B38508513856 /* HealthKitService.swift */ = {isa = PBXFileReference; lastKnownFileType = sourcecode.swift; path = HealthKitService.swift; sourceTree = "<group>"; };
		39274DF692959AB51EC2C16B /* ProfileView.swift */ = {isa = PBXFileReference; lastKnownFileType = sourcecode.swift; path = ProfileView.swift; sourceTree = "<group>"; };
		3D675CC6B874A24DE6CA7851 /* AuthService.swift */ = {isa = PBXFileReference; lastKnownFileType = sourcecode.swift; path = AuthService.swift; sourceTree = "<group>"; };
		50AC765AFDEB6A0465087195 /* Environment.swift */ = {isa = PBXFileReference; lastKnownFileType = sourcecode.swift; path = Environment.swift; sourceTree = "<group>"; };
		619D9F0CB9883ABDCF35596C /* CustomTabBar.swift */ = {isa = PBXFileReference; lastKnownFileType = sourcecode.swift; path = CustomTabBar.swift; sourceTree = "<group>"; };
		69C8074B2BC7D96A7E508F3B /* HybridTrainerTests.xctest */ = {isa = PBXFileReference; includeInIndex = 0; lastKnownFileType = wrapper.cfbundle; path = HybridTrainerTests.xctest; sourceTree = BUILT_PRODUCTS_DIR; };
		767EE0FB190B9641BDAB40D1 /* AnalyticsView.swift */ = {isa = PBXFileReference; lastKnownFileType = sourcecode.swift; path = AnalyticsView.swift; sourceTree = "<group>"; };
		77707524971C05E437EF42A7 /* MainTabView.swift */ = {isa = PBXFileReference; lastKnownFileType = sourcecode.swift; path = MainTabView.swift; sourceTree = "<group>"; };
		779B82EE3714DFBFE8C6863A /* UserProfile.swift */ = {isa = PBXFileReference; lastKnownFileType = sourcecode.swift; path = UserProfile.swift; sourceTree = "<group>"; };
		78CEEC7FE4942DB1ACD5D550 /* HybridTrainer.xcdatamodel */ = {isa = PBXFileReference; lastKnownFileType = wrapper.xcdatamodel; path = HybridTrainer.xcdatamodel; sourceTree = "<group>"; };
		7BDA5EB0AAB4A5E82690D953 /* HybridTrainerApp.swift */ = {isa = PBXFileReference; lastKnownFileType = sourcecode.swift; path = HybridTrainerApp.swift; sourceTree = "<group>"; };
		804F3DE646005B9EAF94D510 /* ProgramDetailsView.swift */ = {isa = PBXFileReference; lastKnownFileType = sourcecode.swift; path = ProgramDetailsView.swift; sourceTree = "<group>"; };
		833C7CE9D413BE69DAB76AA4 /* StatItem.swift */ = {isa = PBXFileReference; lastKnownFileType = sourcecode.swift; path = StatItem.swift; sourceTree = "<group>"; };
		84FE32F3D41CDE964BF94E39 /* Info.plist */ = {isa = PBXFileReference; lastKnownFileType = text.plist; path = Info.plist; sourceTree = "<group>"; };
		8FADFB9BF013D82CA2D450A4 /* CreateProgramView.swift */ = {isa = PBXFileReference; lastKnownFileType = sourcecode.swift; path = CreateProgramView.swift; sourceTree = "<group>"; };
		96965807A7FB644C18BC94C7 /* SyncService.swift */ = {isa = PBXFileReference; lastKnownFileType = sourcecode.swift; path = SyncService.swift; sourceTree = "<group>"; };
		A1907027BB942CC2BBE04241 /* WorkoutModels.swift */ = {isa = PBXFileReference; lastKnownFileType = sourcecode.swift; path = WorkoutModels.swift; sourceTree = "<group>"; };
		AC72951E5EC27C460F814F32 /* WorkoutData.swift */ = {isa = PBXFileReference; lastKnownFileType = sourcecode.swift; path = WorkoutData.swift; sourceTree = "<group>"; };
		B56FA4DA227DC4C14F490B66 /* TrainingProgramsView.swift */ = {isa = PBXFileReference; lastKnownFileType = sourcecode.swift; path = TrainingProgramsView.swift; sourceTree = "<group>"; };
		D2BBB04C40DED0A948A87798 /* HybridTrainer.app */ = {isa = PBXFileReference; includeInIndex = 0; lastKnownFileType = wrapper.application; path = HybridTrainer.app; sourceTree = BUILT_PRODUCTS_DIR; };
		E394EC20FDA164EDFCC0B209 /* WorkoutSummaryCard.swift */ = {isa = PBXFileReference; lastKnownFileType = sourcecode.swift; path = WorkoutSummaryCard.swift; sourceTree = "<group>"; };
		E64888DC67B0C0E7A2614EBA /* CacheService.swift */ = {isa = PBXFileReference; lastKnownFileType = sourcecode.swift; path = CacheService.swift; sourceTree = "<group>"; };
		E73A2A44C17111E088FA24FB /* SplitsView.swift */ = {isa = PBXFileReference; lastKnownFileType = sourcecode.swift; path = SplitsView.swift; sourceTree = "<group>"; };
		E7BB07413BA65FAEEEB59184 /* Assets.xcassets */ = {isa = PBXFileReference; lastKnownFileType = folder.assetcatalog; path = Assets.xcassets; sourceTree = "<group>"; };
		F03A22331E2E9A73D024B911 /* HybridTrainer.entitlements */ = {isa = PBXFileReference; lastKnownFileType = text.plist.entitlements; path = HybridTrainer.entitlements; sourceTree = "<group>"; };
/* End PBXFileReference section */

/* Begin PBXGroup section */
		11101AC6A5F84533762041DE = {
			isa = PBXGroup;
			children = (
				C175C7D6A26010C0EDED7418 /* HybridTrainer */,
				84ED5CEE628D596B85E065B2 /* HybridTrainerTests */,
				F9C3004DD6D1D2E627A13C20 /* Products */,
			);
			sourceTree = "<group>";
		};
		13FC80ED886F266594C03363 /* Config */ = {
			isa = PBXGroup;
			children = (
				50AC765AFDEB6A0465087195 /* Environment.swift */,
			);
			path = Config;
			sourceTree = "<group>";
		};
		14B40FB077856972A4967B8F /* Models */ = {
			isa = PBXGroup;
			children = (
				EC8F54CBE07D1C1F01AF24A0 /* CoreData */,
				6D3D825EEBE544FB990FD0D2 /* Health */,
				DADB321D1714850983C82543 /* Training */,
				8F94E202CF2863A34EEF1225 /* User */,
				F509098F557F9419DFF9827E /* Workout */,
			);
			path = Models;
			sourceTree = "<group>";
		};
		2109EAB39D884A4A936F8CA4 /* Navigation */ = {
			isa = PBXGroup;
			children = (
				619D9F0CB9883ABDCF35596C /* CustomTabBar.swift */,
				77707524971C05E437EF42A7 /* MainTabView.swift */,
			);
			path = Navigation;
			sourceTree = "<group>";
		};
		2E39901163BCBBCBAB23635E /* Dashboard */ = {
			isa = PBXGroup;
			children = (
				B6E7EB444517BE25933E8ACD /* Views */,
			);
			path = Dashboard;
			sourceTree = "<group>";
		};
		36796A250EFFAC11B9B57661 /* Utilities */ = {
			isa = PBXGroup;
			children = (
				2A266E8062C42CBD8DFF3053 /* ThemeManager.swift */,
			);
			path = Utilities;
			sourceTree = "<group>";
		};
		3A8E310D4440160617A80C4C /* Analytics */ = {
			isa = PBXGroup;
			children = (
				767EE0FB190B9641BDAB40D1 /* AnalyticsView.swift */,
			);
			path = Analytics;
			sourceTree = "<group>";
		};
		3CA1726F4D539D8417128B4E /* Profile */ = {
			isa = PBXGroup;
			children = (
				39274DF692959AB51EC2C16B /* ProfileView.swift */,
			);
			path = Profile;
			sourceTree = "<group>";
		};
		47D3B4B498CB2EE4FFF34D20 /* App */ = {
			isa = PBXGroup;
			children = (
				7BDA5EB0AAB4A5E82690D953 /* HybridTrainerApp.swift */,
			);
			path = App;
			sourceTree = "<group>";
		};
		497D046E936EF774712EB496 /* Training */ = {
			isa = PBXGroup;
			children = (
				8A98F65FD85FB9581A72F72F /* Views */,
			);
			path = Training;
			sourceTree = "<group>";
		};
		6C60104F0E9F4E8520D4AFB8 /* Extensions */ = {
			isa = PBXGroup;
			children = (
				14FA98336DF47CE8ECB22EC3 /* HealthKit+Extensions.swift */,
			);
			path = Extensions;
			sourceTree = "<group>";
		};
		6D3D825EEBE544FB990FD0D2 /* Health */ = {
			isa = PBXGroup;
			children = (
				10D6E6C89CFC0C6B6B202377 /* HealthData.swift */,
			);
			path = Health;
			sourceTree = "<group>";
		};
		6E78EF53E74C45020A63808B /* Views */ = {
			isa = PBXGroup;
			children = (
				E73A2A44C17111E088FA24FB /* SplitsView.swift */,
				05732AD7297703D255AD7393 /* WorkoutDetailView.swift */,
				2A57F9D136A22200BBF3C61F /* WorkoutMapView.swift */,
				E394EC20FDA164EDFCC0B209 /* WorkoutSummaryCard.swift */,
			);
			path = Views;
			sourceTree = "<group>";
		};
		84ED5CEE628D596B85E065B2 /* HybridTrainerTests */ = {
			isa = PBXGroup;
			children = (
			);
			path = HybridTrainerTests;
			sourceTree = "<group>";
		};
		8A98F65FD85FB9581A72F72F /* Views */ = {
			isa = PBXGroup;
			children = (
				8FADFB9BF013D82CA2D450A4 /* CreateProgramView.swift */,
				804F3DE646005B9EAF94D510 /* ProgramDetailsView.swift */,
				B56FA4DA227DC4C14F490B66 /* TrainingProgramsView.swift */,
			);
			path = Views;
			sourceTree = "<group>";
		};
		8F94E202CF2863A34EEF1225 /* User */ = {
			isa = PBXGroup;
			children = (
				779B82EE3714DFBFE8C6863A /* UserProfile.swift */,
			);
			path = User;
			sourceTree = "<group>";
		};
		A0421D0892E61D3C44CE15FD /* Services */ = {
			isa = PBXGroup;
			children = (
				1BC113AEBC09D74E1D5B3222 /* APIService.swift */,
				3D675CC6B874A24DE6CA7851 /* AuthService.swift */,
				E64888DC67B0C0E7A2614EBA /* CacheService.swift */,
				381ABF32A7A1B38508513856 /* HealthKitService.swift */,
				96965807A7FB644C18BC94C7 /* SyncService.swift */,
			);
			path = Services;
			sourceTree = "<group>";
		};
		B6E7EB444517BE25933E8ACD /* Views */ = {
			isa = PBXGroup;
			children = (
				34BA9EDE0EFA04D7C0504027 /* DashboardView.swift */,
			);
			path = Views;
			sourceTree = "<group>";
		};
		BBDAE3166E89AFF6C6F4836F /* Components */ = {
			isa = PBXGroup;
			children = (
				833C7CE9D413BE69DAB76AA4 /* StatItem.swift */,
			);
			path = Components;
			sourceTree = "<group>";
		};
		C175C7D6A26010C0EDED7418 /* HybridTrainer */ = {
			isa = PBXGroup;
			children = (
				47D3B4B498CB2EE4FFF34D20 /* App */,
				13FC80ED886F266594C03363 /* Config */,
				6C60104F0E9F4E8520D4AFB8 /* Extensions */,
				E6C1C95C74EAA93807BC4A4A /* Features */,
				14B40FB077856972A4967B8F /* Models */,
				A0421D0892E61D3C44CE15FD /* Services */,
				36796A250EFFAC11B9B57661 /* Utilities */,
				E7BB07413BA65FAEEEB59184 /* Assets.xcassets */,
				35007F171EAF9E8CCF25612A /* HybridTrainer-Bridging-Header.h */,
				F03A22331E2E9A73D024B911 /* HybridTrainer.entitlements */,
				84FE32F3D41CDE964BF94E39 /* Info.plist */,
			);
			path = HybridTrainer;
			sourceTree = "<group>";
		};
		DADB321D1714850983C82543 /* Training */ = {
			isa = PBXGroup;
			children = (
				057AF620663C7088667452C8 /* TrainingProgram.swift */,
			);
			path = Training;
			sourceTree = "<group>";
		};
		E6C1C95C74EAA93807BC4A4A /* Features */ = {
			isa = PBXGroup;
			children = (
				3A8E310D4440160617A80C4C /* Analytics */,
				2E39901163BCBBCBAB23635E /* Dashboard */,
				2109EAB39D884A4A936F8CA4 /* Navigation */,
				3CA1726F4D539D8417128B4E /* Profile */,
				FC4B9CAC8D5D16FD7AE6B6AB /* Shared */,
				497D046E936EF774712EB496 /* Training */,
				ECE62FDC21176BB1D628CC22 /* Workout */,
			);
			path = Features;
			sourceTree = "<group>";
		};
		EC8F54CBE07D1C1F01AF24A0 /* CoreData */ = {
			isa = PBXGroup;
			children = (
				D508632CF4E535BC220745E7 /* CachedWorkout.xcdatamodeld */,
				2A406CCEB7FA73ECA36DBE98 /* HybridTrainer.xcdatamodeld */,
			);
			path = CoreData;
			sourceTree = "<group>";
		};
		ECE62FDC21176BB1D628CC22 /* Workout */ = {
			isa = PBXGroup;
			children = (
				6E78EF53E74C45020A63808B /* Views */,
			);
			path = Workout;
			sourceTree = "<group>";
		};
		F509098F557F9419DFF9827E /* Workout */ = {
			isa = PBXGroup;
			children = (
				AC72951E5EC27C460F814F32 /* WorkoutData.swift */,
				1C3720067850F35023BE6E97 /* WorkoutDetails.swift */,
				A1907027BB942CC2BBE04241 /* WorkoutModels.swift */,
			);
			path = Workout;
			sourceTree = "<group>";
		};
		F9C3004DD6D1D2E627A13C20 /* Products */ = {
			isa = PBXGroup;
			children = (
				D2BBB04C40DED0A948A87798 /* HybridTrainer.app */,
				69C8074B2BC7D96A7E508F3B /* HybridTrainerTests.xctest */,
			);
			name = Products;
			sourceTree = "<group>";
		};
		FC4B9CAC8D5D16FD7AE6B6AB /* Shared */ = {
			isa = PBXGroup;
			children = (
				BBDAE3166E89AFF6C6F4836F /* Components */,
			);
			path = Shared;
			sourceTree = "<group>";
		};
/* End PBXGroup section */

/* Begin PBXNativeTarget section */
		24A6F7A9879F301F6E4496AA /* HybridTrainerTests */ = {
			isa = PBXNativeTarget;
			buildConfigurationList = 66E081D3B75493E981FD5EFD /* Build configuration list for PBXNativeTarget "HybridTrainerTests" */;
			buildPhases = (
				6C0AB550269C0B5CBC83908F /* Sources */,
			);
			buildRules = (
			);
			dependencies = (
				2D6F4F360B176A272E107BAC /* PBXTargetDependency */,
			);
			name = HybridTrainerTests;
			productName = HybridTrainerTests;
			productReference = 69C8074B2BC7D96A7E508F3B /* HybridTrainerTests.xctest */;
			productType = "com.apple.product-type.bundle.unit-test";
		};
		6FE0E45F0AF36E1D29F9041A /* HybridTrainer */ = {
			isa = PBXNativeTarget;
			buildConfigurationList = 41158F41B0BEA08E2F4955D9 /* Build configuration list for PBXNativeTarget "HybridTrainer" */;
			buildPhases = (
				884D34C64C23B187C36DAB49 /* Sources */,
				8F2454D7149B5AC0367772FE /* Resources */,
			);
			buildRules = (
			);
			dependencies = (
			);
			name = HybridTrainer;
			productName = HybridTrainer;
			productReference = D2BBB04C40DED0A948A87798 /* HybridTrainer.app */;
			productType = "com.apple.product-type.application";
		};
/* End PBXNativeTarget section */

/* Begin PBXProject section */
		74C015D5E5F9A21C52153BCA /* Project object */ = {
			isa = PBXProject;
			attributes = {
				BuildIndependentTargetsInParallel = YES;
				LastUpgradeCheck = 1500;
				TargetAttributes = {
					24A6F7A9879F301F6E4496AA = {
						DevelopmentTeam = YOUR_TEAM_ID;
					};
					6FE0E45F0AF36E1D29F9041A = {
						DevelopmentTeam = YOUR_TEAM_ID;
					};
				};
			};
			buildConfigurationList = D8329A141D57D0FF4F45288D /* Build configuration list for PBXProject "HybridTrainer" */;
			compatibilityVersion = "Xcode 14.0";
			developmentRegion = en;
			hasScannedForEncodings = 0;
			knownRegions = (
				Base,
				en,
			);
			mainGroup = 11101AC6A5F84533762041DE;
			projectDirPath = "";
			projectRoot = "";
			targets = (
				6FE0E45F0AF36E1D29F9041A /* HybridTrainer */,
				24A6F7A9879F301F6E4496AA /* HybridTrainerTests */,
			);
		};
/* End PBXProject section */

/* Begin PBXResourcesBuildPhase section */
		8F2454D7149B5AC0367772FE /* Resources */ = {
			isa = PBXResourcesBuildPhase;
			buildActionMask = 2147483647;
			files = (
				49152CD2AB8042E04EAEBEAE /* Assets.xcassets in Resources */,
			);
			runOnlyForDeploymentPostprocessing = 0;
		};
/* End PBXResourcesBuildPhase section */

/* Begin PBXSourcesBuildPhase section */
		6C0AB550269C0B5CBC83908F /* Sources */ = {
			isa = PBXSourcesBuildPhase;
			buildActionMask = 2147483647;
			files = (
			);
			runOnlyForDeploymentPostprocessing = 0;
		};
		884D34C64C23B187C36DAB49 /* Sources */ = {
			isa = PBXSourcesBuildPhase;
			buildActionMask = 2147483647;
			files = (
				EF3889778308278017875921 /* APIService.swift in Sources */,
				BA611140DCB4359FC5F6C706 /* AnalyticsView.swift in Sources */,
				B9A8601A6595EE08E055E72F /* AuthService.swift in Sources */,
				0DECA21ED5DCB90ECD4D96FD /* CacheService.swift in Sources */,
				8F109096ACF65B97847008AE /* CachedWorkout.xcdatamodeld in Sources */,
				16347D0723DB8C631ECAE1CD /* CreateProgramView.swift in Sources */,
				E386DFA204B8DFF9902E15E1 /* CustomTabBar.swift in Sources */,
				CE094E7B8B182D33A67124C9 /* DashboardView.swift in Sources */,
				24C6E9E42C00A7C2F2DE5088 /* Environment.swift in Sources */,
				408C75762B2E5F0FF51E64BB /* HealthData.swift in Sources */,
				8C046A7CD94F7D2196F17A98 /* HealthKit+Extensions.swift in Sources */,
				611A0F10286E8CB6F95D00F9 /* HealthKitService.swift in Sources */,
				705A71446B5E4394A235484F /* HybridTrainer.xcdatamodeld in Sources */,
				8184B462DDD928258BE0CA53 /* HybridTrainerApp.swift in Sources */,
				E6E4FBFC802D8E5E29C9E92B /* MainTabView.swift in Sources */,
				FE49209309E3A554E201CEE3 /* ProfileView.swift in Sources */,
				E9F4AC393C2FC04CF5EE6E4A /* ProgramDetailsView.swift in Sources */,
				069D988B4CBC0ABFA5568742 /* SplitsView.swift in Sources */,
				7445EFE19E320E31BC6D3836 /* StatItem.swift in Sources */,
				E5131CB8782BC7C0D0539633 /* SyncService.swift in Sources */,
				60E123EAC0989A5895E0BEB1 /* ThemeManager.swift in Sources */,
				2581403A595F0751276F217D /* TrainingProgram.swift in Sources */,
				DF2D514004434467E88D74FD /* TrainingProgramsView.swift in Sources */,
				E76ADE169FADD352C42C60D9 /* UserProfile.swift in Sources */,
				AB2E30ADE0CE1C890BCC7AFB /* WorkoutData.swift in Sources */,
				11F690D89A2535BEF667A92D /* WorkoutDetailView.swift in Sources */,
				97B9E90A3C24294366529E76 /* WorkoutDetails.swift in Sources */,
				6939307B1E8D37029DBFCE58 /* WorkoutMapView.swift in Sources */,
				F9124215643FAA33A52CEC4E /* WorkoutModels.swift in Sources */,
				AD028B4833BDC66842ADDB39 /* WorkoutSummaryCard.swift in Sources */,
			);
			runOnlyForDeploymentPostprocessing = 0;
		};
/* End PBXSourcesBuildPhase section */

/* Begin PBXTargetDependency section */
		2D6F4F360B176A272E107BAC /* PBXTargetDependency */ = {
			isa = PBXTargetDependency;
			target = 6FE0E45F0AF36E1D29F9041A /* HybridTrainer */;
			targetProxy = 8CF1A44B45965C066F4E76C3 /* PBXContainerItemProxy */;
		};
/* End PBXTargetDependency section */

/* Begin XCBuildConfiguration section */
		03F7FFEBDF280A5BD5E5B991 /* Debug */ = {
			isa = XCBuildConfiguration;
			buildSettings = {
				BUNDLE_LOADER = "$(TEST_HOST)";
				LD_RUNPATH_SEARCH_PATHS = (
					"$(inherited)",
					"@executable_path/Frameworks",
					"@loader_path/Frameworks",
				);
				PRODUCT_BUNDLE_IDENTIFIER = com.hybridtrainer.HybridTrainerTests;
				SDKROOT = iphoneos;
				TARGETED_DEVICE_FAMILY = "1,2";
				TEST_HOST = "$(BUILT_PRODUCTS_DIR)/HybridTrainer.app/HybridTrainer";
			};
			name = Debug;
		};
		73CA33845585651180171E24 /* Release */ = {
			isa = XCBuildConfiguration;
			buildSettings = {
				ASSETCATALOG_COMPILER_APPICON_NAME = AppIcon;
				ASSETCATALOG_COMPILER_GLOBAL_ACCENT_COLOR_NAME = AccentColor;
				CODE_SIGN_IDENTITY = "iPhone Developer";
				INFOPLIST_FILE = /Users/ngirmay/Documents/GitHub/HybridTrainer/HybridTrainer/Info.plist;
				LD_RUNPATH_SEARCH_PATHS = (
					"$(inherited)",
					"@executable_path/Frameworks",
				);
				PRODUCT_BUNDLE_IDENTIFIER = com.hybridtrainer.app;
				SDKROOT = iphoneos;
				TARGETED_DEVICE_FAMILY = "1,2";
			};
			name = Release;
		};
		89454428267A5430214E479F /* Release */ = {
			isa = XCBuildConfiguration;
			buildSettings = {
				ALWAYS_SEARCH_USER_PATHS = NO;
				CLANG_ANALYZER_NONNULL = YES;
				CLANG_ANALYZER_NUMBER_OBJECT_CONVERSION = YES_AGGRESSIVE;
				CLANG_CXX_LANGUAGE_STANDARD = "gnu++14";
				CLANG_CXX_LIBRARY = "libc++";
				CLANG_ENABLE_MODULES = YES;
				CLANG_ENABLE_OBJC_ARC = YES;
				CLANG_ENABLE_OBJC_WEAK = YES;
				CLANG_WARN_BLOCK_CAPTURE_AUTORELEASING = YES;
				CLANG_WARN_BOOL_CONVERSION = YES;
				CLANG_WARN_COMMA = YES;
				CLANG_WARN_CONSTANT_CONVERSION = YES;
				CLANG_WARN_DEPRECATED_OBJC_IMPLEMENTATIONS = YES;
				CLANG_WARN_DIRECT_OBJC_ISA_USAGE = YES_ERROR;
				CLANG_WARN_DOCUMENTATION_COMMENTS = YES;
				CLANG_WARN_EMPTY_BODY = YES;
				CLANG_WARN_ENUM_CONVERSION = YES;
				CLANG_WARN_INFINITE_RECURSION = YES;
				CLANG_WARN_INT_CONVERSION = YES;
				CLANG_WARN_NON_LITERAL_NULL_CONVERSION = YES;
				CLANG_WARN_OBJC_IMPLICIT_RETAIN_SELF = YES;
				CLANG_WARN_OBJC_LITERAL_CONVERSION = YES;
				CLANG_WARN_OBJC_ROOT_CLASS = YES_ERROR;
				CLANG_WARN_QUOTED_INCLUDE_IN_FRAMEWORK_HEADER = YES;
				CLANG_WARN_RANGE_LOOP_ANALYSIS = YES;
				CLANG_WARN_STRICT_PROTOTYPES = YES;
				CLANG_WARN_SUSPICIOUS_MOVE = YES;
				CLANG_WARN_UNGUARDED_AVAILABILITY = YES_AGGRESSIVE;
				CLANG_WARN_UNREACHABLE_CODE = YES;
				CLANG_WARN__DUPLICATE_METHOD_MATCH = YES;
				COPY_PHASE_STRIP = NO;
				DEBUG_INFORMATION_FORMAT = "dwarf-with-dsym";
				DEVELOPMENT_TEAM = YOUR_TEAM_ID;
				ENABLE_NS_ASSERTIONS = NO;
				ENABLE_STRICT_OBJC_MSGSEND = YES;
				GCC_C_LANGUAGE_STANDARD = gnu11;
				GCC_NO_COMMON_BLOCKS = YES;
				GCC_WARN_64_TO_32_BIT_CONVERSION = YES;
				GCC_WARN_ABOUT_RETURN_TYPE = YES_ERROR;
				GCC_WARN_UNDECLARED_SELECTOR = YES;
				GCC_WARN_UNINITIALIZED_AUTOS = YES_AGGRESSIVE;
				GCC_WARN_UNUSED_FUNCTION = YES;
				GCC_WARN_UNUSED_VARIABLE = YES;
				IPHONEOS_DEPLOYMENT_TARGET = 17.0;
				MTL_ENABLE_DEBUG_INFO = NO;
				MTL_FAST_MATH = YES;
				PRODUCT_NAME = "$(TARGET_NAME)";
				SDKROOT = iphoneos;
				SWIFT_COMPILATION_MODE = wholemodule;
				SWIFT_OPTIMIZATION_LEVEL = "-O";
				SWIFT_VERSION = 5.0;
			};
			name = Release;
		};
		BD6735314A1EC080BA938F99 /* Release */ = {
			isa = XCBuildConfiguration;
			buildSettings = {
				BUNDLE_LOADER = "$(TEST_HOST)";
				LD_RUNPATH_SEARCH_PATHS = (
					"$(inherited)",
					"@executable_path/Frameworks",
					"@loader_path/Frameworks",
				);
				PRODUCT_BUNDLE_IDENTIFIER = com.hybridtrainer.HybridTrainerTests;
				SDKROOT = iphoneos;
				TARGETED_DEVICE_FAMILY = "1,2";
				TEST_HOST = "$(BUILT_PRODUCTS_DIR)/HybridTrainer.app/HybridTrainer";
			};
			name = Release;
		};
		DEFFC29280236FE5A0751EB5 /* Debug */ = {
			isa = XCBuildConfiguration;
			buildSettings = {
				ALWAYS_SEARCH_USER_PATHS = NO;
				CLANG_ANALYZER_NONNULL = YES;
				CLANG_ANALYZER_NUMBER_OBJECT_CONVERSION = YES_AGGRESSIVE;
				CLANG_CXX_LANGUAGE_STANDARD = "gnu++14";
				CLANG_CXX_LIBRARY = "libc++";
				CLANG_ENABLE_MODULES = YES;
				CLANG_ENABLE_OBJC_ARC = YES;
				CLANG_ENABLE_OBJC_WEAK = YES;
				CLANG_WARN_BLOCK_CAPTURE_AUTORELEASING = YES;
				CLANG_WARN_BOOL_CONVERSION = YES;
				CLANG_WARN_COMMA = YES;
				CLANG_WARN_CONSTANT_CONVERSION = YES;
				CLANG_WARN_DEPRECATED_OBJC_IMPLEMENTATIONS = YES;
				CLANG_WARN_DIRECT_OBJC_ISA_USAGE = YES_ERROR;
				CLANG_WARN_DOCUMENTATION_COMMENTS = YES;
				CLANG_WARN_EMPTY_BODY = YES;
				CLANG_WARN_ENUM_CONVERSION = YES;
				CLANG_WARN_INFINITE_RECURSION = YES;
				CLANG_WARN_INT_CONVERSION = YES;
				CLANG_WARN_NON_LITERAL_NULL_CONVERSION = YES;
				CLANG_WARN_OBJC_IMPLICIT_RETAIN_SELF = YES;
				CLANG_WARN_OBJC_LITERAL_CONVERSION = YES;
				CLANG_WARN_OBJC_ROOT_CLASS = YES_ERROR;
				CLANG_WARN_QUOTED_INCLUDE_IN_FRAMEWORK_HEADER = YES;
				CLANG_WARN_RANGE_LOOP_ANALYSIS = YES;
				CLANG_WARN_STRICT_PROTOTYPES = YES;
				CLANG_WARN_SUSPICIOUS_MOVE = YES;
				CLANG_WARN_UNGUARDED_AVAILABILITY = YES_AGGRESSIVE;
				CLANG_WARN_UNREACHABLE_CODE = YES;
				CLANG_WARN__DUPLICATE_METHOD_MATCH = YES;
				COPY_PHASE_STRIP = NO;
				DEBUG_INFORMATION_FORMAT = dwarf;
				DEVELOPMENT_TEAM = YOUR_TEAM_ID;
				ENABLE_STRICT_OBJC_MSGSEND = YES;
				ENABLE_TESTABILITY = YES;
				GCC_C_LANGUAGE_STANDARD = gnu11;
				GCC_DYNAMIC_NO_PIC = NO;
				GCC_NO_COMMON_BLOCKS = YES;
				GCC_OPTIMIZATION_LEVEL = 0;
				GCC_PREPROCESSOR_DEFINITIONS = (
					"$(inherited)",
					"DEBUG=1",
				);
				GCC_WARN_64_TO_32_BIT_CONVERSION = YES;
				GCC_WARN_ABOUT_RETURN_TYPE = YES_ERROR;
				GCC_WARN_UNDECLARED_SELECTOR = YES;
				GCC_WARN_UNINITIALIZED_AUTOS = YES_AGGRESSIVE;
				GCC_WARN_UNUSED_FUNCTION = YES;
				GCC_WARN_UNUSED_VARIABLE = YES;
				IPHONEOS_DEPLOYMENT_TARGET = 17.0;
				MTL_ENABLE_DEBUG_INFO = INCLUDE_SOURCE;
				MTL_FAST_MATH = YES;
				ONLY_ACTIVE_ARCH = YES;
				PRODUCT_NAME = "$(TARGET_NAME)";
				SDKROOT = iphoneos;
				SWIFT_ACTIVE_COMPILATION_CONDITIONS = DEBUG;
				SWIFT_OPTIMIZATION_LEVEL = "-Onone";
				SWIFT_VERSION = 5.0;
			};
			name = Debug;
		};
		EC93A8F1BD1958C115833606 /* Debug */ = {
			isa = XCBuildConfiguration;
			buildSettings = {
				ASSETCATALOG_COMPILER_APPICON_NAME = AppIcon;
				ASSETCATALOG_COMPILER_GLOBAL_ACCENT_COLOR_NAME = AccentColor;
				CODE_SIGN_IDENTITY = "iPhone Developer";
				INFOPLIST_FILE = /Users/ngirmay/Documents/GitHub/HybridTrainer/HybridTrainer/Info.plist;
				LD_RUNPATH_SEARCH_PATHS = (
					"$(inherited)",
					"@executable_path/Frameworks",
				);
				PRODUCT_BUNDLE_IDENTIFIER = com.hybridtrainer.app;
				SDKROOT = iphoneos;
				TARGETED_DEVICE_FAMILY = "1,2";
			};
			name = Debug;
		};
/* End XCBuildConfiguration section */

/* Begin XCConfigurationList section */
		41158F41B0BEA08E2F4955D9 /* Build configuration list for PBXNativeTarget "HybridTrainer" */ = {
			isa = XCConfigurationList;
			buildConfigurations = (
				EC93A8F1BD1958C115833606 /* Debug */,
				73CA33845585651180171E24 /* Release */,
			);
			defaultConfigurationIsVisible = 0;
			defaultConfigurationName = Debug;
		};
		66E081D3B75493E981FD5EFD /* Build configuration list for PBXNativeTarget "HybridTrainerTests" */ = {
			isa = XCConfigurationList;
			buildConfigurations = (
				03F7FFEBDF280A5BD5E5B991 /* Debug */,
				BD6735314A1EC080BA938F99 /* Release */,
			);
			defaultConfigurationIsVisible = 0;
			defaultConfigurationName = Debug;
		};
		D8329A141D57D0FF4F45288D /* Build configuration list for PBXProject "HybridTrainer" */ = {
			isa = XCConfigurationList;
			buildConfigurations = (
				DEFFC29280236FE5A0751EB5 /* Debug */,
				89454428267A5430214E479F /* Release */,
			);
			defaultConfigurationIsVisible = 0;
			defaultConfigurationName = Debug;
		};
/* End XCConfigurationList section */

/* Begin XCVersionGroup section */
		2A406CCEB7FA73ECA36DBE98 /* HybridTrainer.xcdatamodeld */ = {
			isa = XCVersionGroup;
			children = (
				78CEEC7FE4942DB1ACD5D550 /* HybridTrainer.xcdatamodel */,
			);
			currentVersion = 78CEEC7FE4942DB1ACD5D550 /* HybridTrainer.xcdatamodel */;
			path = HybridTrainer.xcdatamodeld;
			sourceTree = "<group>";
			versionGroupType = wrapper.xcdatamodel;
		};
		D508632CF4E535BC220745E7 /* CachedWorkout.xcdatamodeld */ = {
			isa = XCVersionGroup;
			children = (
			);
			path = CachedWorkout.xcdatamodeld;
			sourceTree = "<group>";
			versionGroupType = wrapper.xcdatamodel;
		};
/* End XCVersionGroup section */
	};
	rootObject = 74C015D5E5F9A21C52153BCA /* Project object */;
}
