// !$*UTF8*$!
{
	archiveVersion = 1;
	classes = {
	};
	objectVersion = 77;
	objects = {

/* Begin PBXBuildFile section */
		A3CC4E9A2D08DAD100145F05 /* Goal.swift in Sources */ = {isa = PBXBuildFile; fileRef = A3CC4E952D08CA4400145F05 /* Goal.swift */; };
		A3CC4E9B2D08DAD800145F05 /* Workout.swift in Sources */ = {isa = PBXBuildFile; fileRef = A3CC4E992D08D9EF00145F05 /* Workout.swift */; };
		A3CC4E9C2D08DADE00145F05 /* HealthKitManager.swift in Sources */ = {isa = PBXBuildFile; fileRef = A3CC4E982D08CA7500145F05 /* HealthKitManager.swift */; };
		A3CC4E9D2D08DAE400145F05 /* DashboardView.swift in Sources */ = {isa = PBXBuildFile; fileRef = A3CC4E972D08CA5A00145F05 /* DashboardView.swift */; };
		A3CC4EA12D0A0EEF00145F05 /* MetricCard.swift in Sources */ = {isa = PBXBuildFile; fileRef = A3CC4EA02D0A0EE800145F05 /* MetricCard.swift */; };
		A3CC4EA32D0A0EFF00145F05 /* TrainingCard.swift in Sources */ = {isa = PBXBuildFile; fileRef = A3CC4EA22D0A0EF600145F05 /* TrainingCard.swift */; };
		A3CC4EA62D0A0F3F00145F05 /* GoalCard.swift in Sources */ = {isa = PBXBuildFile; fileRef = A3CC4EA52D0A0F3000145F05 /* GoalCard.swift */; };
		A3CC4EA92D0A0F8D00145F05 /* WorkoutViews.swift in Sources */ = {isa = PBXBuildFile; fileRef = A3CC4EA82D0A0F8700145F05 /* WorkoutViews.swift */; };
		A3CC4EAC2D0A0F9E00145F05 /* GoalsView.swift in Sources */ = {isa = PBXBuildFile; fileRef = A3CC4EAB2D0A0F9700145F05 /* GoalsView.swift */; };
		A3CC4EB22D0BB20000145F05 /* TrainingSession.swift in Sources */ = {isa = PBXBuildFile; fileRef = A3CC4EB12D0BB1F900145F05 /* TrainingSession.swift */; };
		A3CC4EB42D0BB2A000145F05 /* HealthKitService.swift in Sources */ = {isa = PBXBuildFile; fileRef = A3CC4EB32D0BB29A00145F05 /* HealthKitService.swift */; };
		A3CC4EB82D0BB2E600145F05 /* WorkoutViewModel.swift in Sources */ = {isa = PBXBuildFile; fileRef = A3CC4EB72D0BB2DF00145F05 /* WorkoutViewModel.swift */; };
		A3CC4EBA2D0BB30500145F05 /* ChartSection.swift in Sources */ = {isa = PBXBuildFile; fileRef = A3CC4EB92D0BB2FF00145F05 /* ChartSection.swift */; };
		A3CC4EBC2D0BB30E00145F05 /* RecentWorkoutsList.swift in Sources */ = {isa = PBXBuildFile; fileRef = A3CC4EBB2D0BB30800145F05 /* RecentWorkoutsList.swift */; };
		A3CC4EBE2D0BB31600145F05 /* WorkoutRow.swift in Sources */ = {isa = PBXBuildFile; fileRef = A3CC4EBD2D0BB31100145F05 /* WorkoutRow.swift */; };
		A3CC4EC62D0BBC5700145F05 /* WeeklyVolumeSection.swift in Sources */ = {isa = PBXBuildFile; fileRef = A3CC4EC52D0BBC4E00145F05 /* WeeklyVolumeSection.swift */; };
		A3CC4EC82D0BC6DF00145F05 /* MetricsSection.swift in Sources */ = {isa = PBXBuildFile; fileRef = A3CC4EC72D0BC6D800145F05 /* MetricsSection.swift */; };
		A3CC4ECA2D0BC6EC00145F05 /* SportPickerView.swift in Sources */ = {isa = PBXBuildFile; fileRef = A3CC4EC92D0BC6E500145F05 /* SportPickerView.swift */; };
		A3CC4ECC2D0BC81300145F05 /* TrainingDistributionSection.swift in Sources */ = {isa = PBXBuildFile; fileRef = A3CC4ECB2D0BC80900145F05 /* TrainingDistributionSection.swift */; };
/* End PBXBuildFile section */

/* Begin PBXContainerItemProxy section */
		A3CC4E722D08B4E600145F05 /* PBXContainerItemProxy */ = {
			isa = PBXContainerItemProxy;
			containerPortal = A3CC4E562D08B4E200145F05 /* Project object */;
			proxyType = 1;
			remoteGlobalIDString = A3CC4E5D2D08B4E200145F05;
			remoteInfo = HybridTrainer;
		};
		A3CC4E7C2D08B4E600145F05 /* PBXContainerItemProxy */ = {
			isa = PBXContainerItemProxy;
			containerPortal = A3CC4E562D08B4E200145F05 /* Project object */;
			proxyType = 1;
			remoteGlobalIDString = A3CC4E5D2D08B4E200145F05;
			remoteInfo = HybridTrainer;
		};
/* End PBXContainerItemProxy section */

/* Begin PBXFileReference section */
		A3CC4E5E2D08B4E200145F05 /* HybridTrainer.app */ = {isa = PBXFileReference; explicitFileType = wrapper.application; includeInIndex = 0; path = HybridTrainer.app; sourceTree = BUILT_PRODUCTS_DIR; };
		A3CC4E712D08B4E600145F05 /* HybridTrainerTests.xctest */ = {isa = PBXFileReference; explicitFileType = wrapper.cfbundle; includeInIndex = 0; path = HybridTrainerTests.xctest; sourceTree = BUILT_PRODUCTS_DIR; };
		A3CC4E7B2D08B4E600145F05 /* HybridTrainerUITests.xctest */ = {isa = PBXFileReference; explicitFileType = wrapper.cfbundle; includeInIndex = 0; path = HybridTrainerUITests.xctest; sourceTree = BUILT_PRODUCTS_DIR; };
		A3CC4E952D08CA4400145F05 /* Goal.swift */ = {isa = PBXFileReference; lastKnownFileType = sourcecode.swift; path = Goal.swift; sourceTree = "<group>"; };
		A3CC4E972D08CA5A00145F05 /* DashboardView.swift */ = {isa = PBXFileReference; lastKnownFileType = sourcecode.swift; path = DashboardView.swift; sourceTree = "<group>"; };
		A3CC4E982D08CA7500145F05 /* HealthKitManager.swift */ = {isa = PBXFileReference; lastKnownFileType = sourcecode.swift; path = HealthKitManager.swift; sourceTree = "<group>"; };
		A3CC4E992D08D9EF00145F05 /* Workout.swift */ = {isa = PBXFileReference; lastKnownFileType = sourcecode.swift; path = Workout.swift; sourceTree = "<group>"; };
		A3CC4EA02D0A0EE800145F05 /* MetricCard.swift */ = {isa = PBXFileReference; lastKnownFileType = sourcecode.swift; path = MetricCard.swift; sourceTree = "<group>"; };
		A3CC4EA22D0A0EF600145F05 /* TrainingCard.swift */ = {isa = PBXFileReference; lastKnownFileType = sourcecode.swift; path = TrainingCard.swift; sourceTree = "<group>"; };
		A3CC4EA52D0A0F3000145F05 /* GoalCard.swift */ = {isa = PBXFileReference; lastKnownFileType = sourcecode.swift; path = GoalCard.swift; sourceTree = "<group>"; };
		A3CC4EA82D0A0F8700145F05 /* WorkoutViews.swift */ = {isa = PBXFileReference; lastKnownFileType = sourcecode.swift; path = WorkoutViews.swift; sourceTree = "<group>"; };
		A3CC4EAB2D0A0F9700145F05 /* GoalsView.swift */ = {isa = PBXFileReference; lastKnownFileType = sourcecode.swift; path = GoalsView.swift; sourceTree = "<group>"; };
		A3CC4EB12D0BB1F900145F05 /* TrainingSession.swift */ = {isa = PBXFileReference; lastKnownFileType = sourcecode.swift; path = TrainingSession.swift; sourceTree = "<group>"; };
		A3CC4EB32D0BB29A00145F05 /* HealthKitService.swift */ = {isa = PBXFileReference; lastKnownFileType = sourcecode.swift; path = HealthKitService.swift; sourceTree = "<group>"; };
		A3CC4EB72D0BB2DF00145F05 /* WorkoutViewModel.swift */ = {isa = PBXFileReference; lastKnownFileType = sourcecode.swift; path = WorkoutViewModel.swift; sourceTree = "<group>"; };
		A3CC4EB92D0BB2FF00145F05 /* ChartSection.swift */ = {isa = PBXFileReference; lastKnownFileType = sourcecode.swift; path = ChartSection.swift; sourceTree = "<group>"; };
		A3CC4EBB2D0BB30800145F05 /* RecentWorkoutsList.swift */ = {isa = PBXFileReference; lastKnownFileType = sourcecode.swift; path = RecentWorkoutsList.swift; sourceTree = "<group>"; };
		A3CC4EBD2D0BB31100145F05 /* WorkoutRow.swift */ = {isa = PBXFileReference; lastKnownFileType = sourcecode.swift; path = WorkoutRow.swift; sourceTree = "<group>"; };
		A3CC4EC52D0BBC4E00145F05 /* WeeklyVolumeSection.swift */ = {isa = PBXFileReference; lastKnownFileType = sourcecode.swift; path = WeeklyVolumeSection.swift; sourceTree = "<group>"; };
		A3CC4EC72D0BC6D800145F05 /* MetricsSection.swift */ = {isa = PBXFileReference; lastKnownFileType = sourcecode.swift; path = MetricsSection.swift; sourceTree = "<group>"; };
		A3CC4EC92D0BC6E500145F05 /* SportPickerView.swift */ = {isa = PBXFileReference; lastKnownFileType = sourcecode.swift; path = SportPickerView.swift; sourceTree = "<group>"; };
		A3CC4ECB2D0BC80900145F05 /* TrainingDistributionSection.swift */ = {isa = PBXFileReference; lastKnownFileType = sourcecode.swift; path = TrainingDistributionSection.swift; sourceTree = "<group>"; };
/* End PBXFileReference section */

/* Begin PBXFileSystemSynchronizedRootGroup section */
		A3CC4E602D08B4E200145F05 /* HybridTrainer */ = {
			isa = PBXFileSystemSynchronizedRootGroup;
			path = HybridTrainer;
			sourceTree = "<group>";
		};
		A3CC4E742D08B4E600145F05 /* HybridTrainerTests */ = {
			isa = PBXFileSystemSynchronizedRootGroup;
			path = HybridTrainerTests;
			sourceTree = "<group>";
		};
		A3CC4E7E2D08B4E600145F05 /* HybridTrainerUITests */ = {
			isa = PBXFileSystemSynchronizedRootGroup;
			path = HybridTrainerUITests;
			sourceTree = "<group>";
		};
/* End PBXFileSystemSynchronizedRootGroup section */

/* Begin PBXFrameworksBuildPhase section */
		A3CC4E5B2D08B4E200145F05 /* Frameworks */ = {
			isa = PBXFrameworksBuildPhase;
			buildActionMask = 2147483647;
			files = (
			);
			runOnlyForDeploymentPostprocessing = 0;
		};
		A3CC4E6E2D08B4E600145F05 /* Frameworks */ = {
			isa = PBXFrameworksBuildPhase;
			buildActionMask = 2147483647;
			files = (
			);
			runOnlyForDeploymentPostprocessing = 0;
		};
		A3CC4E782D08B4E600145F05 /* Frameworks */ = {
			isa = PBXFrameworksBuildPhase;
			buildActionMask = 2147483647;
			files = (
			);
			runOnlyForDeploymentPostprocessing = 0;
		};
/* End PBXFrameworksBuildPhase section */

/* Begin PBXGroup section */
		A3CC4E552D08B4E200145F05 = {
			isa = PBXGroup;
			children = (
				A3CC4E922D08B67A00145F05 /* Resources */,
				A3CC4E912D08B67500145F05 /* Utils */,
				A3CC4E902D08B66F00145F05 /* Services */,
				A3CC4E8F2D08B66900145F05 /* Views */,
				A3CC4E8E2D08B66000145F05 /* Models */,
				A3CC4E602D08B4E200145F05 /* HybridTrainer */,
				A3CC4E742D08B4E600145F05 /* HybridTrainerTests */,
				A3CC4E7E2D08B4E600145F05 /* HybridTrainerUITests */,
				A3CC4E5F2D08B4E200145F05 /* Products */,
			);
			sourceTree = "<group>";
		};
		A3CC4E5F2D08B4E200145F05 /* Products */ = {
			isa = PBXGroup;
			children = (
				A3CC4E5E2D08B4E200145F05 /* HybridTrainer.app */,
				A3CC4E712D08B4E600145F05 /* HybridTrainerTests.xctest */,
				A3CC4E7B2D08B4E600145F05 /* HybridTrainerUITests.xctest */,
			);
			name = Products;
			sourceTree = "<group>";
		};
		A3CC4E8E2D08B66000145F05 /* Models */ = {
			isa = PBXGroup;
			children = (
				A3CC4EB12D0BB1F900145F05 /* TrainingSession.swift */,
				A3CC4E992D08D9EF00145F05 /* Workout.swift */,
				A3CC4E952D08CA4400145F05 /* Goal.swift */,
			);
			path = Models;
			sourceTree = "<group>";
		};
		A3CC4E8F2D08B66900145F05 /* Views */ = {
			isa = PBXGroup;
			children = (
				A3CC4EB62D0BB2D800145F05 /* ViewModels */,
				A3CC4EAA2D0A0F9000145F05 /* Goals */,
				A3CC4EA72D0A0F7100145F05 /* Workouts */,
				A3CC4E962D08CA5300145F05 /* Dashboard */,
			);
			path = Views;
			sourceTree = "<group>";
		};
		A3CC4E902D08B66F00145F05 /* Services */ = {
			isa = PBXGroup;
			children = (
				A3CC4EB32D0BB29A00145F05 /* HealthKitService.swift */,
				A3CC4E982D08CA7500145F05 /* HealthKitManager.swift */,
			);
			path = Services;
			sourceTree = "<group>";
		};
		A3CC4E912D08B67500145F05 /* Utils */ = {
			isa = PBXGroup;
			children = (
			);
			path = Utils;
			sourceTree = "<group>";
		};
		A3CC4E922D08B67A00145F05 /* Resources */ = {
			isa = PBXGroup;
			children = (
			);
			path = Resources;
			sourceTree = "<group>";
		};
		A3CC4E962D08CA5300145F05 /* Dashboard */ = {
			isa = PBXGroup;
			children = (
				A3CC4ECB2D0BC80900145F05 /* TrainingDistributionSection.swift */,
				A3CC4EC92D0BC6E500145F05 /* SportPickerView.swift */,
				A3CC4EC72D0BC6D800145F05 /* MetricsSection.swift */,
				A3CC4EC52D0BBC4E00145F05 /* WeeklyVolumeSection.swift */,
				A3CC4EBD2D0BB31100145F05 /* WorkoutRow.swift */,
				A3CC4EBB2D0BB30800145F05 /* RecentWorkoutsList.swift */,
				A3CC4EB92D0BB2FF00145F05 /* ChartSection.swift */,
				A3CC4EA52D0A0F3000145F05 /* GoalCard.swift */,
				A3CC4EA22D0A0EF600145F05 /* TrainingCard.swift */,
				A3CC4EA02D0A0EE800145F05 /* MetricCard.swift */,
				A3CC4E972D08CA5A00145F05 /* DashboardView.swift */,
			);
			path = Dashboard;
			sourceTree = "<group>";
		};
		A3CC4EA72D0A0F7100145F05 /* Workouts */ = {
			isa = PBXGroup;
			children = (
				A3CC4EA82D0A0F8700145F05 /* WorkoutViews.swift */,
			);
			path = Workouts;
			sourceTree = "<group>";
		};
		A3CC4EAA2D0A0F9000145F05 /* Goals */ = {
			isa = PBXGroup;
			children = (
				A3CC4EAB2D0A0F9700145F05 /* GoalsView.swift */,
			);
			path = Goals;
			sourceTree = "<group>";
		};
		A3CC4EB62D0BB2D800145F05 /* ViewModels */ = {
			isa = PBXGroup;
			children = (
				A3CC4EB72D0BB2DF00145F05 /* WorkoutViewModel.swift */,
			);
			path = ViewModels;
			sourceTree = "<group>";
		};
/* End PBXGroup section */

/* Begin PBXNativeTarget section */
		A3CC4E5D2D08B4E200145F05 /* HybridTrainer */ = {
			isa = PBXNativeTarget;
			buildConfigurationList = A3CC4E852D08B4E600145F05 /* Build configuration list for PBXNativeTarget "HybridTrainer" */;
			buildPhases = (
				A3CC4E5A2D08B4E200145F05 /* Sources */,
				A3CC4E5B2D08B4E200145F05 /* Frameworks */,
				A3CC4E5C2D08B4E200145F05 /* Resources */,
			);
			buildRules = (
			);
			dependencies = (
			);
			fileSystemSynchronizedGroups = (
				A3CC4E602D08B4E200145F05 /* HybridTrainer */,
			);
			name = HybridTrainer;
			packageProductDependencies = (
			);
			productName = HybridTrainer;
			productReference = A3CC4E5E2D08B4E200145F05 /* HybridTrainer.app */;
			productType = "com.apple.product-type.application";
		};
		A3CC4E702D08B4E600145F05 /* HybridTrainerTests */ = {
			isa = PBXNativeTarget;
			buildConfigurationList = A3CC4E882D08B4E600145F05 /* Build configuration list for PBXNativeTarget "HybridTrainerTests" */;
			buildPhases = (
				A3CC4E6D2D08B4E600145F05 /* Sources */,
				A3CC4E6E2D08B4E600145F05 /* Frameworks */,
				A3CC4E6F2D08B4E600145F05 /* Resources */,
			);
			buildRules = (
			);
			dependencies = (
				A3CC4E732D08B4E600145F05 /* PBXTargetDependency */,
			);
			fileSystemSynchronizedGroups = (
				A3CC4E742D08B4E600145F05 /* HybridTrainerTests */,
			);
			name = HybridTrainerTests;
			packageProductDependencies = (
			);
			productName = HybridTrainerTests;
			productReference = A3CC4E712D08B4E600145F05 /* HybridTrainerTests.xctest */;
			productType = "com.apple.product-type.bundle.unit-test";
		};
		A3CC4E7A2D08B4E600145F05 /* HybridTrainerUITests */ = {
			isa = PBXNativeTarget;
			buildConfigurationList = A3CC4E8B2D08B4E600145F05 /* Build configuration list for PBXNativeTarget "HybridTrainerUITests" */;
			buildPhases = (
				A3CC4E772D08B4E600145F05 /* Sources */,
				A3CC4E782D08B4E600145F05 /* Frameworks */,
				A3CC4E792D08B4E600145F05 /* Resources */,
			);
			buildRules = (
			);
			dependencies = (
				A3CC4E7D2D08B4E600145F05 /* PBXTargetDependency */,
			);
			fileSystemSynchronizedGroups = (
				A3CC4E7E2D08B4E600145F05 /* HybridTrainerUITests */,
			);
			name = HybridTrainerUITests;
			packageProductDependencies = (
			);
			productName = HybridTrainerUITests;
			productReference = A3CC4E7B2D08B4E600145F05 /* HybridTrainerUITests.xctest */;
			productType = "com.apple.product-type.bundle.ui-testing";
		};
/* End PBXNativeTarget section */

/* Begin PBXProject section */
		A3CC4E562D08B4E200145F05 /* Project object */ = {
			isa = PBXProject;
			attributes = {
				BuildIndependentTargetsInParallel = 1;
				LastSwiftUpdateCheck = 1610;
				LastUpgradeCheck = 1610;
				TargetAttributes = {
					A3CC4E5D2D08B4E200145F05 = {
						CreatedOnToolsVersion = 16.1;
					};
					A3CC4E702D08B4E600145F05 = {
						CreatedOnToolsVersion = 16.1;
						TestTargetID = A3CC4E5D2D08B4E200145F05;
					};
					A3CC4E7A2D08B4E600145F05 = {
						CreatedOnToolsVersion = 16.1;
						TestTargetID = A3CC4E5D2D08B4E200145F05;
					};
				};
			};
			buildConfigurationList = A3CC4E592D08B4E200145F05 /* Build configuration list for PBXProject "HybridTrainer" */;
			developmentRegion = en;
			hasScannedForEncodings = 0;
			knownRegions = (
				en,
				Base,
			);
			mainGroup = A3CC4E552D08B4E200145F05;
			minimizedProjectReferenceProxies = 1;
			preferredProjectObjectVersion = 77;
			productRefGroup = A3CC4E5F2D08B4E200145F05 /* Products */;
			projectDirPath = "";
			projectRoot = "";
			targets = (
				A3CC4E5D2D08B4E200145F05 /* HybridTrainer */,
				A3CC4E702D08B4E600145F05 /* HybridTrainerTests */,
				A3CC4E7A2D08B4E600145F05 /* HybridTrainerUITests */,
			);
		};
/* End PBXProject section */

/* Begin PBXResourcesBuildPhase section */
		A3CC4E5C2D08B4E200145F05 /* Resources */ = {
			isa = PBXResourcesBuildPhase;
			buildActionMask = 2147483647;
			files = (
			);
			runOnlyForDeploymentPostprocessing = 0;
		};
		A3CC4E6F2D08B4E600145F05 /* Resources */ = {
			isa = PBXResourcesBuildPhase;
			buildActionMask = 2147483647;
			files = (
			);
			runOnlyForDeploymentPostprocessing = 0;
		};
		A3CC4E792D08B4E600145F05 /* Resources */ = {
			isa = PBXResourcesBuildPhase;
			buildActionMask = 2147483647;
			files = (
			);
			runOnlyForDeploymentPostprocessing = 0;
		};
/* End PBXResourcesBuildPhase section */

/* Begin PBXSourcesBuildPhase section */
		A3CC4E5A2D08B4E200145F05 /* Sources */ = {
			isa = PBXSourcesBuildPhase;
			buildActionMask = 2147483647;
			files = (
				A3CC4E9A2D08DAD100145F05 /* Goal.swift in Sources */,
				A3CC4EA12D0A0EEF00145F05 /* MetricCard.swift in Sources */,
				A3CC4EAC2D0A0F9E00145F05 /* GoalsView.swift in Sources */,
				A3CC4EBA2D0BB30500145F05 /* ChartSection.swift in Sources */,
				A3CC4EB82D0BB2E600145F05 /* WorkoutViewModel.swift in Sources */,
				A3CC4ECC2D0BC81300145F05 /* TrainingDistributionSection.swift in Sources */,
				A3CC4EB42D0BB2A000145F05 /* HealthKitService.swift in Sources */,
				A3CC4E9C2D08DADE00145F05 /* HealthKitManager.swift in Sources */,
				A3CC4ECA2D0BC6EC00145F05 /* SportPickerView.swift in Sources */,
				A3CC4E9D2D08DAE400145F05 /* DashboardView.swift in Sources */,
				A3CC4EBE2D0BB31600145F05 /* WorkoutRow.swift in Sources */,
				A3CC4EC82D0BC6DF00145F05 /* MetricsSection.swift in Sources */,
				A3CC4E9B2D08DAD800145F05 /* Workout.swift in Sources */,
				A3CC4EA62D0A0F3F00145F05 /* GoalCard.swift in Sources */,
				A3CC4EB22D0BB20000145F05 /* TrainingSession.swift in Sources */,
				A3CC4EA92D0A0F8D00145F05 /* WorkoutViews.swift in Sources */,
				A3CC4EBC2D0BB30E00145F05 /* RecentWorkoutsList.swift in Sources */,
				A3CC4EC62D0BBC5700145F05 /* WeeklyVolumeSection.swift in Sources */,
				A3CC4EA32D0A0EFF00145F05 /* TrainingCard.swift in Sources */,
			);
			runOnlyForDeploymentPostprocessing = 0;
		};
		A3CC4E6D2D08B4E600145F05 /* Sources */ = {
			isa = PBXSourcesBuildPhase;
			buildActionMask = 2147483647;
			files = (
			);
			runOnlyForDeploymentPostprocessing = 0;
		};
		A3CC4E772D08B4E600145F05 /* Sources */ = {
			isa = PBXSourcesBuildPhase;
			buildActionMask = 2147483647;
			files = (
			);
			runOnlyForDeploymentPostprocessing = 0;
		};
/* End PBXSourcesBuildPhase section */

/* Begin PBXTargetDependency section */
		A3CC4E732D08B4E600145F05 /* PBXTargetDependency */ = {
			isa = PBXTargetDependency;
			target = A3CC4E5D2D08B4E200145F05 /* HybridTrainer */;
			targetProxy = A3CC4E722D08B4E600145F05 /* PBXContainerItemProxy */;
		};
		A3CC4E7D2D08B4E600145F05 /* PBXTargetDependency */ = {
			isa = PBXTargetDependency;
			target = A3CC4E5D2D08B4E200145F05 /* HybridTrainer */;
			targetProxy = A3CC4E7C2D08B4E600145F05 /* PBXContainerItemProxy */;
		};
/* End PBXTargetDependency section */

/* Begin XCBuildConfiguration section */
		A3CC4E832D08B4E600145F05 /* Debug */ = {
			isa = XCBuildConfiguration;
			buildSettings = {
				ALWAYS_SEARCH_USER_PATHS = NO;
				ASSETCATALOG_COMPILER_GENERATE_SWIFT_ASSET_SYMBOL_EXTENSIONS = YES;
				CLANG_ANALYZER_NONNULL = YES;
				CLANG_ANALYZER_NUMBER_OBJECT_CONVERSION = YES_AGGRESSIVE;
				CLANG_CXX_LANGUAGE_STANDARD = "gnu++20";
				CLANG_ENABLE_MODULES = YES;
				CLANG_ENABLE_OBJC_ARC = YES;
				CLANG_ENABLE_OBJC_WEAK = YES;
				CLANG_WARN_BLOCK_CAPTURE_AUTORELEASING = YES;
				CLANG_WARN_BOOL_CONVERSION = YES;
				CLANG_WARN_COMMA = YES;
				CLANG_WARN_CONSTANT_CONVERSION = YES;
				CLANG_WARN_DEPRECATED_OBJC_IMPLEMENTATIONS = YES;
				CLANG_WARN_DIRECT_OBJC_ISA_USAGE = YES_ERROR;
				CLANG_WARN_DOCUMENTATION_COMMENTS = YES;
				CLANG_WARN_EMPTY_BODY = YES;
				CLANG_WARN_ENUM_CONVERSION = YES;
				CLANG_WARN_INFINITE_RECURSION = YES;
				CLANG_WARN_INT_CONVERSION = YES;
				CLANG_WARN_NON_LITERAL_NULL_CONVERSION = YES;
				CLANG_WARN_OBJC_IMPLICIT_RETAIN_SELF = YES;
				CLANG_WARN_OBJC_LITERAL_CONVERSION = YES;
				CLANG_WARN_OBJC_ROOT_CLASS = YES_ERROR;
				CLANG_WARN_QUOTED_INCLUDE_IN_FRAMEWORK_HEADER = YES;
				CLANG_WARN_RANGE_LOOP_ANALYSIS = YES;
				CLANG_WARN_STRICT_PROTOTYPES = YES;
				CLANG_WARN_SUSPICIOUS_MOVE = YES;
				CLANG_WARN_UNGUARDED_AVAILABILITY = YES_AGGRESSIVE;
				CLANG_WARN_UNREACHABLE_CODE = YES;
				CLANG_WARN__DUPLICATE_METHOD_MATCH = YES;
				COPY_PHASE_STRIP = NO;
				DEBUG_INFORMATION_FORMAT = dwarf;
				ENABLE_STRICT_OBJC_MSGSEND = YES;
				ENABLE_TESTABILITY = YES;
				ENABLE_USER_SCRIPT_SANDBOXING = YES;
				GCC_C_LANGUAGE_STANDARD = gnu17;
				GCC_DYNAMIC_NO_PIC = NO;
				GCC_NO_COMMON_BLOCKS = YES;
				GCC_OPTIMIZATION_LEVEL = 0;
				GCC_PREPROCESSOR_DEFINITIONS = (
					"DEBUG=1",
					"$(inherited)",
				);
				GCC_WARN_64_TO_32_BIT_CONVERSION = YES;
				GCC_WARN_ABOUT_RETURN_TYPE = YES_ERROR;
				GCC_WARN_UNDECLARED_SELECTOR = YES;
				GCC_WARN_UNINITIALIZED_AUTOS = YES_AGGRESSIVE;
				GCC_WARN_UNUSED_FUNCTION = YES;
				GCC_WARN_UNUSED_VARIABLE = YES;
				LOCALIZATION_PREFERS_STRING_CATALOGS = YES;
				MTL_ENABLE_DEBUG_INFO = INCLUDE_SOURCE;
				MTL_FAST_MATH = YES;
				ONLY_ACTIVE_ARCH = YES;
				SWIFT_ACTIVE_COMPILATION_CONDITIONS = "DEBUG $(inherited)";
				SWIFT_OPTIMIZATION_LEVEL = "-Onone";
			};
			name = Debug;
		};
		A3CC4E842D08B4E600145F05 /* Release */ = {
			isa = XCBuildConfiguration;
			buildSettings = {
				ALWAYS_SEARCH_USER_PATHS = NO;
				ASSETCATALOG_COMPILER_GENERATE_SWIFT_ASSET_SYMBOL_EXTENSIONS = YES;
				CLANG_ANALYZER_NONNULL = YES;
				CLANG_ANALYZER_NUMBER_OBJECT_CONVERSION = YES_AGGRESSIVE;
				CLANG_CXX_LANGUAGE_STANDARD = "gnu++20";
				CLANG_ENABLE_MODULES = YES;
				CLANG_ENABLE_OBJC_ARC = YES;
				CLANG_ENABLE_OBJC_WEAK = YES;
				CLANG_WARN_BLOCK_CAPTURE_AUTORELEASING = YES;
				CLANG_WARN_BOOL_CONVERSION = YES;
				CLANG_WARN_COMMA = YES;
				CLANG_WARN_CONSTANT_CONVERSION = YES;
				CLANG_WARN_DEPRECATED_OBJC_IMPLEMENTATIONS = YES;
				CLANG_WARN_DIRECT_OBJC_ISA_USAGE = YES_ERROR;
				CLANG_WARN_DOCUMENTATION_COMMENTS = YES;
				CLANG_WARN_EMPTY_BODY = YES;
				CLANG_WARN_ENUM_CONVERSION = YES;
				CLANG_WARN_INFINITE_RECURSION = YES;
				CLANG_WARN_INT_CONVERSION = YES;
				CLANG_WARN_NON_LITERAL_NULL_CONVERSION = YES;
				CLANG_WARN_OBJC_IMPLICIT_RETAIN_SELF = YES;
				CLANG_WARN_OBJC_LITERAL_CONVERSION = YES;
				CLANG_WARN_OBJC_ROOT_CLASS = YES_ERROR;
				CLANG_WARN_QUOTED_INCLUDE_IN_FRAMEWORK_HEADER = YES;
				CLANG_WARN_RANGE_LOOP_ANALYSIS = YES;
				CLANG_WARN_STRICT_PROTOTYPES = YES;
				CLANG_WARN_SUSPICIOUS_MOVE = YES;
				CLANG_WARN_UNGUARDED_AVAILABILITY = YES_AGGRESSIVE;
				CLANG_WARN_UNREACHABLE_CODE = YES;
				CLANG_WARN__DUPLICATE_METHOD_MATCH = YES;
				COPY_PHASE_STRIP = NO;
				DEBUG_INFORMATION_FORMAT = "dwarf-with-dsym";
				ENABLE_NS_ASSERTIONS = NO;
				ENABLE_STRICT_OBJC_MSGSEND = YES;
				ENABLE_USER_SCRIPT_SANDBOXING = YES;
				GCC_C_LANGUAGE_STANDARD = gnu17;
				GCC_NO_COMMON_BLOCKS = YES;
				GCC_WARN_64_TO_32_BIT_CONVERSION = YES;
				GCC_WARN_ABOUT_RETURN_TYPE = YES_ERROR;
				GCC_WARN_UNDECLARED_SELECTOR = YES;
				GCC_WARN_UNINITIALIZED_AUTOS = YES_AGGRESSIVE;
				GCC_WARN_UNUSED_FUNCTION = YES;
				GCC_WARN_UNUSED_VARIABLE = YES;
				LOCALIZATION_PREFERS_STRING_CATALOGS = YES;
				MTL_ENABLE_DEBUG_INFO = NO;
				MTL_FAST_MATH = YES;
				SWIFT_COMPILATION_MODE = wholemodule;
			};
			name = Release;
		};
		A3CC4E862D08B4E600145F05 /* Debug */ = {
			isa = XCBuildConfiguration;
			buildSettings = {
				ASSETCATALOG_COMPILER_APPICON_NAME = AppIcon;
				ASSETCATALOG_COMPILER_GLOBAL_ACCENT_COLOR_NAME = AccentColor;
				CODE_SIGN_ENTITLEMENTS = HybridTrainer/HybridTrainer.entitlements;
				CODE_SIGN_STYLE = Automatic;
				CURRENT_PROJECT_VERSION = 1;
				DEVELOPMENT_ASSET_PATHS = "\"HybridTrainer/Preview Content\"";
				DEVELOPMENT_TEAM = 8KADHRJXJV;
				ENABLE_HARDENED_RUNTIME = YES;
				ENABLE_PREVIEWS = YES;
				GENERATE_INFOPLIST_FILE = YES;
				INFOPLIST_FILE = "";
				INFOPLIST_KEY_NSHealthShareUsageDescription = "This app reads your HealthKit data to display your workouts and metrics.\"";
				INFOPLIST_KEY_NSHealthUpdateUsageDescription = "This app uses HealthKit to track workouts and fitness progress.";
				"INFOPLIST_KEY_UIApplicationSceneManifest_Generation[sdk=iphoneos*]" = YES;
				"INFOPLIST_KEY_UIApplicationSceneManifest_Generation[sdk=iphonesimulator*]" = YES;
				"INFOPLIST_KEY_UIApplicationSupportsIndirectInputEvents[sdk=iphoneos*]" = YES;
				"INFOPLIST_KEY_UIApplicationSupportsIndirectInputEvents[sdk=iphonesimulator*]" = YES;
				"INFOPLIST_KEY_UILaunchScreen_Generation[sdk=iphoneos*]" = YES;
				"INFOPLIST_KEY_UILaunchScreen_Generation[sdk=iphonesimulator*]" = YES;
				"INFOPLIST_KEY_UIStatusBarStyle[sdk=iphoneos*]" = UIStatusBarStyleDefault;
				"INFOPLIST_KEY_UIStatusBarStyle[sdk=iphonesimulator*]" = UIStatusBarStyleDefault;
				INFOPLIST_KEY_UISupportedInterfaceOrientations_iPad = "UIInterfaceOrientationPortrait UIInterfaceOrientationPortraitUpsideDown UIInterfaceOrientationLandscapeLeft UIInterfaceOrientationLandscapeRight";
				INFOPLIST_KEY_UISupportedInterfaceOrientations_iPhone = "UIInterfaceOrientationPortrait UIInterfaceOrientationLandscapeLeft UIInterfaceOrientationLandscapeRight";
				IPHONEOS_DEPLOYMENT_TARGET = 18.1;
				LD_RUNPATH_SEARCH_PATHS = "@executable_path/Frameworks";
				"LD_RUNPATH_SEARCH_PATHS[sdk=macosx*]" = "@executable_path/../Frameworks";
				MACOSX_DEPLOYMENT_TARGET = 14.0;
				MARKETING_VERSION = 1.0;
				PRODUCT_BUNDLE_IDENTIFIER = tech.nobelgirmay.HybridTrainer;
				PRODUCT_NAME = "$(TARGET_NAME)";
				SDKROOT = auto;
				SUPPORTED_PLATFORMS = "iphoneos iphonesimulator macosx xros xrsimulator";
				SWIFT_EMIT_LOC_STRINGS = YES;
				SWIFT_VERSION = 5.0;
				TARGETED_DEVICE_FAMILY = "1,2,7";
				XROS_DEPLOYMENT_TARGET = 2.1;
			};
			name = Debug;
		};
		A3CC4E872D08B4E600145F05 /* Release */ = {
			isa = XCBuildConfiguration;
			buildSettings = {
				ASSETCATALOG_COMPILER_APPICON_NAME = AppIcon;
				ASSETCATALOG_COMPILER_GLOBAL_ACCENT_COLOR_NAME = AccentColor;
				CODE_SIGN_ENTITLEMENTS = HybridTrainer/HybridTrainer.entitlements;
				CODE_SIGN_STYLE = Automatic;
				CURRENT_PROJECT_VERSION = 1;
				DEVELOPMENT_ASSET_PATHS = "\"HybridTrainer/Preview Content\"";
				DEVELOPMENT_TEAM = 8KADHRJXJV;
				ENABLE_HARDENED_RUNTIME = YES;
				ENABLE_PREVIEWS = YES;
				GENERATE_INFOPLIST_FILE = YES;
				INFOPLIST_FILE = "";
				INFOPLIST_KEY_NSHealthShareUsageDescription = "This app reads your HealthKit data to display your workouts and metrics.\"";
				INFOPLIST_KEY_NSHealthUpdateUsageDescription = "This app uses HealthKit to track workouts and fitness progress.";
				"INFOPLIST_KEY_UIApplicationSceneManifest_Generation[sdk=iphoneos*]" = YES;
				"INFOPLIST_KEY_UIApplicationSceneManifest_Generation[sdk=iphonesimulator*]" = YES;
				"INFOPLIST_KEY_UIApplicationSupportsIndirectInputEvents[sdk=iphoneos*]" = YES;
				"INFOPLIST_KEY_UIApplicationSupportsIndirectInputEvents[sdk=iphonesimulator*]" = YES;
				"INFOPLIST_KEY_UILaunchScreen_Generation[sdk=iphoneos*]" = YES;
				"INFOPLIST_KEY_UILaunchScreen_Generation[sdk=iphonesimulator*]" = YES;
				"INFOPLIST_KEY_UIStatusBarStyle[sdk=iphoneos*]" = UIStatusBarStyleDefault;
				"INFOPLIST_KEY_UIStatusBarStyle[sdk=iphonesimulator*]" = UIStatusBarStyleDefault;
				INFOPLIST_KEY_UISupportedInterfaceOrientations_iPad = "UIInterfaceOrientationPortrait UIInterfaceOrientationPortraitUpsideDown UIInterfaceOrientationLandscapeLeft UIInterfaceOrientationLandscapeRight";
				INFOPLIST_KEY_UISupportedInterfaceOrientations_iPhone = "UIInterfaceOrientationPortrait UIInterfaceOrientationLandscapeLeft UIInterfaceOrientationLandscapeRight";
				IPHONEOS_DEPLOYMENT_TARGET = 18.1;
				LD_RUNPATH_SEARCH_PATHS = "@executable_path/Frameworks";
				"LD_RUNPATH_SEARCH_PATHS[sdk=macosx*]" = "@executable_path/../Frameworks";
				MACOSX_DEPLOYMENT_TARGET = 14.0;
				MARKETING_VERSION = 1.0;
				PRODUCT_BUNDLE_IDENTIFIER = tech.nobelgirmay.HybridTrainer;
				PRODUCT_NAME = "$(TARGET_NAME)";
				SDKROOT = auto;
				SUPPORTED_PLATFORMS = "iphoneos iphonesimulator macosx xros xrsimulator";
				SWIFT_EMIT_LOC_STRINGS = YES;
				SWIFT_VERSION = 5.0;
				TARGETED_DEVICE_FAMILY = "1,2,7";
				XROS_DEPLOYMENT_TARGET = 2.1;
			};
			name = Release;
		};
		A3CC4E892D08B4E600145F05 /* Debug */ = {
			isa = XCBuildConfiguration;
			buildSettings = {
				BUNDLE_LOADER = "$(TEST_HOST)";
				CODE_SIGN_STYLE = Automatic;
				CURRENT_PROJECT_VERSION = 1;
				DEVELOPMENT_TEAM = 8KADHRJXJV;
				GENERATE_INFOPLIST_FILE = YES;
				INFOPLIST_FILE = "";
				IPHONEOS_DEPLOYMENT_TARGET = 18.1;
				MACOSX_DEPLOYMENT_TARGET = 15.1;
				MARKETING_VERSION = 1.0;
				PRODUCT_BUNDLE_IDENTIFIER = tech.nobelgirmay.HybridTrainerTests;
				PRODUCT_NAME = "$(TARGET_NAME)";
				SDKROOT = auto;
				SUPPORTED_PLATFORMS = "iphoneos iphonesimulator macosx xros xrsimulator";
				SWIFT_EMIT_LOC_STRINGS = NO;
				SWIFT_VERSION = 5.0;
				TARGETED_DEVICE_FAMILY = "1,2,7";
				TEST_HOST = "$(BUILT_PRODUCTS_DIR)/HybridTrainer.app/$(BUNDLE_EXECUTABLE_FOLDER_PATH)/HybridTrainer";
				XROS_DEPLOYMENT_TARGET = 2.1;
			};
			name = Debug;
		};
		A3CC4E8A2D08B4E600145F05 /* Release */ = {
			isa = XCBuildConfiguration;
			buildSettings = {
				BUNDLE_LOADER = "$(TEST_HOST)";
				CODE_SIGN_STYLE = Automatic;
				CURRENT_PROJECT_VERSION = 1;
				DEVELOPMENT_TEAM = 8KADHRJXJV;
				GENERATE_INFOPLIST_FILE = YES;
				INFOPLIST_FILE = "";
				IPHONEOS_DEPLOYMENT_TARGET = 18.1;
				MACOSX_DEPLOYMENT_TARGET = 15.1;
				MARKETING_VERSION = 1.0;
				PRODUCT_BUNDLE_IDENTIFIER = tech.nobelgirmay.HybridTrainerTests;
				PRODUCT_NAME = "$(TARGET_NAME)";
				SDKROOT = auto;
				SUPPORTED_PLATFORMS = "iphoneos iphonesimulator macosx xros xrsimulator";
				SWIFT_EMIT_LOC_STRINGS = NO;
				SWIFT_VERSION = 5.0;
				TARGETED_DEVICE_FAMILY = "1,2,7";
				TEST_HOST = "$(BUILT_PRODUCTS_DIR)/HybridTrainer.app/$(BUNDLE_EXECUTABLE_FOLDER_PATH)/HybridTrainer";
				XROS_DEPLOYMENT_TARGET = 2.1;
			};
			name = Release;
		};
		A3CC4E8C2D08B4E600145F05 /* Debug */ = {
			isa = XCBuildConfiguration;
			buildSettings = {
				CODE_SIGN_STYLE = Automatic;
				CURRENT_PROJECT_VERSION = 1;
				DEVELOPMENT_TEAM = 8KADHRJXJV;
				GENERATE_INFOPLIST_FILE = YES;
				INFOPLIST_FILE = "";
				IPHONEOS_DEPLOYMENT_TARGET = 18.1;
				MACOSX_DEPLOYMENT_TARGET = 15.1;
				MARKETING_VERSION = 1.0;
				PRODUCT_BUNDLE_IDENTIFIER = tech.nobelgirmay.HybridTrainerUITests;
				PRODUCT_NAME = "$(TARGET_NAME)";
				SDKROOT = auto;
				SUPPORTED_PLATFORMS = "iphoneos iphonesimulator macosx xros xrsimulator";
				SWIFT_EMIT_LOC_STRINGS = NO;
				SWIFT_VERSION = 5.0;
				TARGETED_DEVICE_FAMILY = "1,2,7";
				TEST_TARGET_NAME = HybridTrainer;
				XROS_DEPLOYMENT_TARGET = 2.1;
			};
			name = Debug;
		};
		A3CC4E8D2D08B4E600145F05 /* Release */ = {
			isa = XCBuildConfiguration;
			buildSettings = {
				CODE_SIGN_STYLE = Automatic;
				CURRENT_PROJECT_VERSION = 1;
				DEVELOPMENT_TEAM = 8KADHRJXJV;
				GENERATE_INFOPLIST_FILE = YES;
				INFOPLIST_FILE = "";
				IPHONEOS_DEPLOYMENT_TARGET = 18.1;
				MACOSX_DEPLOYMENT_TARGET = 15.1;
				MARKETING_VERSION = 1.0;
				PRODUCT_BUNDLE_IDENTIFIER = tech.nobelgirmay.HybridTrainerUITests;
				PRODUCT_NAME = "$(TARGET_NAME)";
				SDKROOT = auto;
				SUPPORTED_PLATFORMS = "iphoneos iphonesimulator macosx xros xrsimulator";
				SWIFT_EMIT_LOC_STRINGS = NO;
				SWIFT_VERSION = 5.0;
				TARGETED_DEVICE_FAMILY = "1,2,7";
				TEST_TARGET_NAME = HybridTrainer;
				XROS_DEPLOYMENT_TARGET = 2.1;
			};
			name = Release;
		};
/* End XCBuildConfiguration section */

/* Begin XCConfigurationList section */
		A3CC4E592D08B4E200145F05 /* Build configuration list for PBXProject "HybridTrainer" */ = {
			isa = XCConfigurationList;
			buildConfigurations = (
				A3CC4E832D08B4E600145F05 /* Debug */,
				A3CC4E842D08B4E600145F05 /* Release */,
			);
			defaultConfigurationIsVisible = 0;
			defaultConfigurationName = Release;
		};
		A3CC4E852D08B4E600145F05 /* Build configuration list for PBXNativeTarget "HybridTrainer" */ = {
			isa = XCConfigurationList;
			buildConfigurations = (
				A3CC4E862D08B4E600145F05 /* Debug */,
				A3CC4E872D08B4E600145F05 /* Release */,
			);
			defaultConfigurationIsVisible = 0;
			defaultConfigurationName = Release;
		};
		A3CC4E882D08B4E600145F05 /* Build configuration list for PBXNativeTarget "HybridTrainerTests" */ = {
			isa = XCConfigurationList;
			buildConfigurations = (
				A3CC4E892D08B4E600145F05 /* Debug */,
				A3CC4E8A2D08B4E600145F05 /* Release */,
			);
			defaultConfigurationIsVisible = 0;
			defaultConfigurationName = Release;
		};
		A3CC4E8B2D08B4E600145F05 /* Build configuration list for PBXNativeTarget "HybridTrainerUITests" */ = {
			isa = XCConfigurationList;
			buildConfigurations = (
				A3CC4E8C2D08B4E600145F05 /* Debug */,
				A3CC4E8D2D08B4E600145F05 /* Release */,
			);
			defaultConfigurationIsVisible = 0;
			defaultConfigurationName = Release;
		};
/* End XCConfigurationList section */
	};
	rootObject = A3CC4E562D08B4E200145F05 /* Project object */;
}
